
Microsoft Visual Studio Solution File, Format Version 12.00
# Visual Studio Version 17
VisualStudioVersion = 17.5.33424.131
MinimumVisualStudioVersion = 10.0.40219.1
Project("{8BC9CEB8-8B4A-11D0-8D11-00A0C91BC942}") = "ParadigmaOOP2_138", "ParadigmaOOP2_138\ParadigmaOOP2_138.vcxproj", "{990DDBAA-4CF6-4093-BE7D-DA7E70D11EBB}"
EndProject
Project("{8BC9CEB8-8B4A-11D0-8D11-00A0C91BC942}") = "SolveMultiWaris_138", "SolveMultiWaris_138\SolveMultiWaris_138.vcxproj", "{DE4E6625-EE5E-4D56-A753-4F1C379D2004}"
EndProject
Project("{8BC9CEB8-8B4A-11D0-8D11-00A0C91BC942}") = "Polimorpi_138", "Polimorpi_138\Polimorpi_138.vcxproj", "{1EA23123-3218-4D57-9D3C-0A0392C2E565}"
EndProject
Project("{8BC9CEB8-8B4A-11D0-8D11-00A0C91BC942}") = "Program noOverriding_138", "Program noOverriding_138\Program noOverriding_138.vcxproj", "{C1878C8E-3F0D-4E7B-BC20-09C635754315}"
EndProject
Project("{8BC9CEB8-8B4A-11D0-8D11-00A0C91BC942}") = "noPewarisan_138", "noPewarisan_138\noPewarisan_138.vcxproj", "{03079142-8638-4E04-8E4A-A4B28BC63EF4}"
EndProject
Project("{8BC9CEB8-8B4A-11D0-8D11-00A0C91BC942}") = "enkapsulasi_138", "enkapsulasi_138\enkapsulasi_138.vcxproj", "{B3B2C7E2-3C27-4089-B67D-AC0F5FFCF862}"
EndProject
Project("{8BC9CEB8-8B4A-11D0-8D11-00A0C91BC942}") = "abstraksi_138", "abstraksi_138\abstraksi_138.vcxproj", "{2D1420AE-F515-43A1-9FCE-437B76765A6E}"
EndProject
Global
	GlobalSection(SolutionConfigurationPlatforms) = preSolution
		Debug|x64 = Debug|x64
		Debug|x86 = Debug|x86
		Release|x64 = Release|x64
		Release|x86 = Release|x86
	EndGlobalSection
	GlobalSection(ProjectConfigurationPlatforms) = postSolution
		{990DDBAA-4CF6-4093-BE7D-DA7E70D11EBB}.Debug|x64.ActiveCfg = Debug|x64
		{990DDBAA-4CF6-4093-BE7D-DA7E70D11EBB}.Debug|x64.Build.0 = Debug|x64
		{990DDBAA-4CF6-4093-BE7D-DA7E70D11EBB}.Debug|x86.ActiveCfg = Debug|Win32
		{990DDBAA-4CF6-4093-BE7D-DA7E70D11EBB}.Debug|x86.Build.0 = Debug|Win32
		{990DDBAA-4CF6-4093-BE7D-DA7E70D11EBB}.Release|x64.ActiveCfg = Release|x64
		{990DDBAA-4CF6-4093-BE7D-DA7E70D11EBB}.Release|x64.Build.0 = Release|x64
		{990DDBAA-4CF6-4093-BE7D-DA7E70D11EBB}.Release|x86.ActiveCfg = Release|Win32
		{990DDBAA-4CF6-4093-BE7D-DA7E70D11EBB}.Release|x86.Build.0 = Release|Win32
		{DE4E6625-EE5E-4D56-A753-4F1C379D2004}.Debug|x64.ActiveCfg = Debug|x64
		{DE4E6625-EE5E-4D56-A753-4F1C379D2004}.Debug|x64.Build.0 = Debug|x64
		{DE4E6625-EE5E-4D56-A753-4F1C379D2004}.Debug|x86.ActiveCfg = Debug|Win32
		{DE4E6625-EE5E-4D56-A753-4F1C379D2004}.Debug|x86.Build.0 = Debug|Win32
		{DE4E6625-EE5E-4D56-A753-4F1C379D2004}.Release|x64.ActiveCfg = Release|x64
		{DE4E6625-EE5E-4D56-A753-4F1C379D2004}.Release|x64.Build.0 = Release|x64
		{DE4E6625-EE5E-4D56-A753-4F1C379D2004}.Release|x86.ActiveCfg = Release|Win32
		{DE4E6625-EE5E-4D56-A753-4F1C379D2004}.Release|x86.Build.0 = Release|Win32
		{1EA23123-3218-4D57-9D3C-0A0392C2E565}.Debug|x64.ActiveCfg = Debug|x64
		{1EA23123-3218-4D57-9D3C-0A0392C2E565}.Debug|x64.Build.0 = Debug|x64
		{1EA23123-3218-4D57-9D3C-0A0392C2E565}.Debug|x86.ActiveCfg = Debug|Win32
		{1EA23123-3218-4D57-9D3C-0A0392C2E565}.Debug|x86.Build.0 = Debug|Win32
		{1EA23123-3218-4D57-9D3C-0A0392C2E565}.Release|x64.ActiveCfg = Release|x64
		{1EA23123-3218-4D57-9D3C-0A0392C2E565}.Release|x64.Build.0 = Release|x64
		{1EA23123-3218-4D57-9D3C-0A0392C2E565}.Release|x86.ActiveCfg = Release|Win32
		{1EA23123-3218-4D57-9D3C-0A0392C2E565}.Release|x86.Build.0 = Release|Win32
		{C1878C8E-3F0D-4E7B-BC20-09C635754315}.Debug|x64.ActiveCfg = Debug|x64
		{C1878C8E-3F0D-4E7B-BC20-09C635754315}.Debug|x64.Build.0 = Debug|x64
		{C1878C8E-3F0D-4E7B-BC20-09C635754315}.Debug|x86.ActiveCfg = Debug|Win32
		{C1878C8E-3F0D-4E7B-BC20-09C635754315}.Debug|x86.Build.0 = Debug|Win32
		{C1878C8E-3F0D-4E7B-BC20-09C635754315}.Release|x64.ActiveCfg = Release|x64
		{C1878C8E-3F0D-4E7B-BC20-09C635754315}.Release|x64.Build.0 = Release|x64
		{C1878C8E-3F0D-4E7B-BC20-09C635754315}.Release|x86.ActiveCfg = Release|Win32
		{C1878C8E-3F0D-4E7B-BC20-09C635754315}.Release|x86.Build.0 = Release|Win32
		{03079142-8638-4E04-8E4A-A4B28BC63EF4}.Debug|x64.ActiveCfg = Debug|x64
		{03079142-8638-4E04-8E4A-A4B28BC63EF4}.Debug|x64.Build.0 = Debug|x64
		{03079142-8638-4E04-8E4A-A4B28BC63EF4}.Debug|x86.ActiveCfg = Debug|Win32
		{03079142-8638-4E04-8E4A-A4B28BC63EF4}.Debug|x86.Build.0 = Debug|Win32
		{03079142-8638-4E04-8E4A-A4B28BC63EF4}.Release|x64.ActiveCfg = Release|x64
		{03079142-8638-4E04-8E4A-A4B28BC63EF4}.Release|x64.Build.0 = Release|x64
		{03079142-8638-4E04-8E4A-A4B28BC63EF4}.Release|x86.ActiveCfg = Release|Win32
		{03079142-8638-4E04-8E4A-A4B28BC63EF4}.Release|x86.Build.0 = Release|Win32
		{B3B2C7E2-3C27-4089-B67D-AC0F5FFCF862}.Debug|x64.ActiveCfg = Debug|x64
		{B3B2C7E2-3C27-4089-B67D-AC0F5FFCF862}.Debug|x64.Build.0 = Debug|x64
		{B3B2C7E2-3C27-4089-B67D-AC0F5FFCF862}.Debug|x86.ActiveCfg = Debug|Win32
		{B3B2C7E2-3C27-4089-B67D-AC0F5FFCF862}.Debug|x86.Build.0 = Debug|Win32
		{B3B2C7E2-3C27-4089-B67D-AC0F5FFCF862}.Release|x64.ActiveCfg = Release|x64
		{B3B2C7E2-3C27-4089-B67D-AC0F5FFCF862}.Release|x64.Build.0 = Release|x64
		{B3B2C7E2-3C27-4089-B67D-AC0F5FFCF862}.Release|x86.ActiveCfg = Release|Win32
		{B3B2C7E2-3C27-4089-B67D-AC0F5FFCF862}.Release|x86.Build.0 = Release|Win32
		{2D1420AE-F515-43A1-9FCE-437B76765A6E}.Debug|x64.ActiveCfg = Debug|x64
		{2D1420AE-F515-43A1-9FCE-437B76765A6E}.Debug|x64.Build.0 = Debug|x64
		{2D1420AE-F515-43A1-9FCE-437B76765A6E}.Debug|x86.ActiveCfg = Debug|Win32
		{2D1420AE-F515-43A1-9FCE-437B76765A6E}.Debug|x86.Build.0 = Debug|Win32
		{2D1420AE-F515-43A1-9FCE-437B76765A6E}.Release|x64.ActiveCfg = Release|x64
		{2D1420AE-F515-43A1-9FCE-437B76765A6E}.Release|x64.Build.0 = Release|x64
		{2D1420AE-F515-43A1-9FCE-437B76765A6E}.Release|x86.ActiveCfg = Release|Win32
		{2D1420AE-F515-43A1-9FCE-437B76765A6E}.Release|x86.Build.0 = Release|Win32
	EndGlobalSection
	GlobalSection(SolutionProperties) = preSolution
		HideSolutionNode = FALSE
	EndGlobalSection
	GlobalSection(ExtensibilityGlobals) = postSolution
		SolutionGuid = {72811111-988E-4A3C-8550-619659CEA1E5}
	EndGlobalSection
EndGlobal
